
Microsoft Visual Studio Solution File, Format Version 12.00
Project("{FAE04EC0-301F-11D3-BF4B-00C04F79EFBC}") = "aoc", "aoc\aoc.csproj", "{A54FF040-B311-4F14-98B0-007BCF4E9465}"
EndProject
Global
	GlobalSection(SolutionConfigurationPlatforms) = preSolution
		Debug|Any CPU = Debug|Any CPU
		Release|Any CPU = Release|Any CPU
	EndGlobalSection
	GlobalSection(ProjectConfigurationPlatforms) = postSolution
		{A54FF040-B311-4F14-98B0-007BCF4E9465}.Debug|Any CPU.ActiveCfg = Debug|Any CPU
		{A54FF040-B311-4F14-98B0-007BCF4E9465}.Debug|Any CPU.Build.0 = Debug|Any CPU
		{A54FF040-B311-4F14-98B0-007BCF4E9465}.Release|Any CPU.ActiveCfg = Release|Any CPU
		{A54FF040-B311-4F14-98B0-007BCF4E9465}.Release|Any CPU.Build.0 = Release|Any CPU
	EndGlobalSection
EndGlobal
